
Microsoft Visual Studio Solution File, Format Version 12.00
# Visual Studio Version 16
VisualStudioVersion = 16.0.28803.202
MinimumVisualStudioVersion = 10.0.40219.1
Project("{FAE04EC0-301F-11D3-BF4B-00C04F79EFBC}") = "MoviesTestAPI", "MoviesTestAPI\MoviesTestAPI.csproj", "{AA4FB68E-77C1-4C29-A2CA-19A3CF6A7929}"
EndProject
Global
	GlobalSection(SolutionConfigurationPlatforms) = preSolution
		Debug|Any CPU = Debug|Any CPU
		Release|Any CPU = Release|Any CPU
	EndGlobalSection
	GlobalSection(ProjectConfigurationPlatforms) = postSolution
		{AA4FB68E-77C1-4C29-A2CA-19A3CF6A7929}.Debug|Any CPU.ActiveCfg = Debug|Any CPU
		{AA4FB68E-77C1-4C29-A2CA-19A3CF6A7929}.Debug|Any CPU.Build.0 = Debug|Any CPU
		{AA4FB68E-77C1-4C29-A2CA-19A3CF6A7929}.Release|Any CPU.ActiveCfg = Release|Any CPU
		{AA4FB68E-77C1-4C29-A2CA-19A3CF6A7929}.Release|Any CPU.Build.0 = Release|Any CPU
	EndGlobalSection
	GlobalSection(SolutionProperties) = preSolution
		HideSolutionNode = FALSE
	EndGlobalSection
	GlobalSection(ExtensibilityGlobals) = postSolution
		SolutionGuid = {EF48238C-D9C6-49CA-8EEA-597E7F29F2B2}
	EndGlobalSection
EndGlobal
